
Microsoft Visual Studio Solution File, Format Version 12.00
# Visual Studio Version 16
VisualStudioVersion = 16.0.33027.164
MinimumVisualStudioVersion = 10.0.40219.1
Project("{FAE04EC0-301F-11D3-BF4B-00C04F79EFBC}") = "DAD_AULA01_SEGUNDO_SEMESTRE_0208", "DAD_AULA01_SEGUNDO_SEMESTRE_0208.csproj", "{13CC97D8-5DD9-4C4C-8D43-58038A0AEA5F}"
EndProject
Global
	GlobalSection(SolutionConfigurationPlatforms) = preSolution
		Debug|Any CPU = Debug|Any CPU
		Release|Any CPU = Release|Any CPU
	EndGlobalSection
	GlobalSection(ProjectConfigurationPlatforms) = postSolution
		{13CC97D8-5DD9-4C4C-8D43-58038A0AEA5F}.Debug|Any CPU.ActiveCfg = Debug|Any CPU
		{13CC97D8-5DD9-4C4C-8D43-58038A0AEA5F}.Debug|Any CPU.Build.0 = Debug|Any CPU
		{13CC97D8-5DD9-4C4C-8D43-58038A0AEA5F}.Release|Any CPU.ActiveCfg = Release|Any CPU
		{13CC97D8-5DD9-4C4C-8D43-58038A0AEA5F}.Release|Any CPU.Build.0 = Release|Any CPU
	EndGlobalSection
	GlobalSection(SolutionProperties) = preSolution
		HideSolutionNode = FALSE
	EndGlobalSection
	GlobalSection(ExtensibilityGlobals) = postSolution
		SolutionGuid = {2969E771-CBFC-4B8C-A746-BC8C66517F33}
	EndGlobalSection
EndGlobal
